
Microsoft Visual Studio Solution File, Format Version 12.00
# Visual Studio Version 17
VisualStudioVersion = 17.4.33213.308
MinimumVisualStudioVersion = 10.0.40219.1
Project("{9A19103F-16F7-4668-BE54-9A1E7A4F7556}") = "Capstone-proj", "Capstone-proj.csproj", "{4BB2D9FA-1F4D-4B87-8912-9581E21922E1}"
EndProject
Project("{9A19103F-16F7-4668-BE54-9A1E7A4F7556}") = "BuisnessLogic", "..\BuisnessLogic\BuisnessLogic.csproj", "{87507D81-0522-4471-8EC3-339957BF2B47}"
EndProject
Project("{9A19103F-16F7-4668-BE54-9A1E7A4F7556}") = "Models", "..\Models\Models.csproj", "{87939F43-81C6-48AD-8784-831FC5E89FD9}"
EndProject
Project("{9A19103F-16F7-4668-BE54-9A1E7A4F7556}") = "DataLogic", "..\DataLogic\DataLogic.csproj", "{89DE7118-09F8-4FFE-9845-1F0852BCD262}"
EndProject
Project("{E53339B2-1760-4266-BCC7-CA923CBCF16C}") = "docker-compose", "docker-compose.dcproj", "{1376F0DE-814C-48B2-BBA3-215E66EBE664}"
EndProject
Global
	GlobalSection(SolutionConfigurationPlatforms) = preSolution
		Debug|Any CPU = Debug|Any CPU
		Release|Any CPU = Release|Any CPU
	EndGlobalSection
	GlobalSection(ProjectConfigurationPlatforms) = postSolution
		{4BB2D9FA-1F4D-4B87-8912-9581E21922E1}.Debug|Any CPU.ActiveCfg = Debug|Any CPU
		{4BB2D9FA-1F4D-4B87-8912-9581E21922E1}.Debug|Any CPU.Build.0 = Debug|Any CPU
		{4BB2D9FA-1F4D-4B87-8912-9581E21922E1}.Release|Any CPU.ActiveCfg = Release|Any CPU
		{4BB2D9FA-1F4D-4B87-8912-9581E21922E1}.Release|Any CPU.Build.0 = Release|Any CPU
		{87507D81-0522-4471-8EC3-339957BF2B47}.Debug|Any CPU.ActiveCfg = Debug|Any CPU
		{87507D81-0522-4471-8EC3-339957BF2B47}.Debug|Any CPU.Build.0 = Debug|Any CPU
		{87507D81-0522-4471-8EC3-339957BF2B47}.Release|Any CPU.ActiveCfg = Release|Any CPU
		{87507D81-0522-4471-8EC3-339957BF2B47}.Release|Any CPU.Build.0 = Release|Any CPU
		{87939F43-81C6-48AD-8784-831FC5E89FD9}.Debug|Any CPU.ActiveCfg = Debug|Any CPU
		{87939F43-81C6-48AD-8784-831FC5E89FD9}.Debug|Any CPU.Build.0 = Debug|Any CPU
		{87939F43-81C6-48AD-8784-831FC5E89FD9}.Release|Any CPU.ActiveCfg = Release|Any CPU
		{87939F43-81C6-48AD-8784-831FC5E89FD9}.Release|Any CPU.Build.0 = Release|Any CPU
		{89DE7118-09F8-4FFE-9845-1F0852BCD262}.Debug|Any CPU.ActiveCfg = Debug|Any CPU
		{89DE7118-09F8-4FFE-9845-1F0852BCD262}.Debug|Any CPU.Build.0 = Debug|Any CPU
		{89DE7118-09F8-4FFE-9845-1F0852BCD262}.Release|Any CPU.ActiveCfg = Release|Any CPU
		{89DE7118-09F8-4FFE-9845-1F0852BCD262}.Release|Any CPU.Build.0 = Release|Any CPU
		{1376F0DE-814C-48B2-BBA3-215E66EBE664}.Debug|Any CPU.ActiveCfg = Debug|Any CPU
		{1376F0DE-814C-48B2-BBA3-215E66EBE664}.Debug|Any CPU.Build.0 = Debug|Any CPU
		{1376F0DE-814C-48B2-BBA3-215E66EBE664}.Release|Any CPU.ActiveCfg = Release|Any CPU
		{1376F0DE-814C-48B2-BBA3-215E66EBE664}.Release|Any CPU.Build.0 = Release|Any CPU
	EndGlobalSection
	GlobalSection(SolutionProperties) = preSolution
		HideSolutionNode = FALSE
	EndGlobalSection
	GlobalSection(ExtensibilityGlobals) = postSolution
		SolutionGuid = {420998DB-D694-43BF-97D7-F65245606FA8}
	EndGlobalSection
EndGlobal
